// !$*UTF8*$!
{
	archiveVersion = 1;
	classes = {
	};
	objectVersion = 50;
	objects = {

/* Begin PBXBuildFile section */
		CE5E263F24A2F41900A08159 /* Grid.swift in Sources */ = {isa = PBXBuildFile; fileRef = CE5E263E24A2F41900A08159 /* Grid.swift */; };
		CE5E264124A2F90900A08159 /* GridLayout.swift in Sources */ = {isa = PBXBuildFile; fileRef = CE5E264024A2F90900A08159 /* GridLayout.swift */; };
		CE5E264324A2FDF400A08159 /* Array+Identifiable.swift in Sources */ = {isa = PBXBuildFile; fileRef = CE5E264224A2FDF400A08159 /* Array+Identifiable.swift */; };
		CE5E264F24A33B6C00A08159 /* Array+Only.swift in Sources */ = {isa = PBXBuildFile; fileRef = CE5E264E24A33B6C00A08159 /* Array+Only.swift */; };
		CED6E4C424A1CA12001854F5 /* AppDelegate.swift in Sources */ = {isa = PBXBuildFile; fileRef = CED6E4C324A1CA12001854F5 /* AppDelegate.swift */; };
		CED6E4C624A1CA12001854F5 /* SceneDelegate.swift in Sources */ = {isa = PBXBuildFile; fileRef = CED6E4C524A1CA12001854F5 /* SceneDelegate.swift */; };
		CED6E4C824A1CA12001854F5 /* EmojiMemoryGameView.swift in Sources */ = {isa = PBXBuildFile; fileRef = CED6E4C724A1CA12001854F5 /* EmojiMemoryGameView.swift */; };
		CED6E4CA24A1CA13001854F5 /* Assets.xcassets in Resources */ = {isa = PBXBuildFile; fileRef = CED6E4C924A1CA13001854F5 /* Assets.xcassets */; };
		CED6E4CD24A1CA13001854F5 /* Preview Assets.xcassets in Resources */ = {isa = PBXBuildFile; fileRef = CED6E4CC24A1CA13001854F5 /* Preview Assets.xcassets */; };
		CED6E4D024A1CA13001854F5 /* LaunchScreen.storyboard in Resources */ = {isa = PBXBuildFile; fileRef = CED6E4CE24A1CA13001854F5 /* LaunchScreen.storyboard */; };
		CED6E4DB24A1CA13001854F5 /* MemorizeTests.swift in Sources */ = {isa = PBXBuildFile; fileRef = CED6E4DA24A1CA13001854F5 /* MemorizeTests.swift */; };
		CED6E4E624A1CF13001854F5 /* MemoryGame.swift in Sources */ = {isa = PBXBuildFile; fileRef = CED6E4E524A1CF13001854F5 /* MemoryGame.swift */; };
		CED6E4EA24A1CF53001854F5 /* EmojiMemoryGame.swift in Sources */ = {isa = PBXBuildFile; fileRef = CED6E4E924A1CF53001854F5 /* EmojiMemoryGame.swift */; };
/* End PBXBuildFile section */

/* Begin PBXContainerItemProxy section */
		CED6E4D724A1CA13001854F5 /* PBXContainerItemProxy */ = {
			isa = PBXContainerItemProxy;
			containerPortal = CED6E4B824A1CA12001854F5 /* Project object */;
			proxyType = 1;
			remoteGlobalIDString = CED6E4BF24A1CA12001854F5;
			remoteInfo = Memorize;
		};
/* End PBXContainerItemProxy section */

/* Begin PBXFileReference section */
		CE5E263E24A2F41900A08159 /* Grid.swift */ = {isa = PBXFileReference; lastKnownFileType = sourcecode.swift; path = Grid.swift; sourceTree = "<group>"; };
		CE5E264024A2F90900A08159 /* GridLayout.swift */ = {isa = PBXFileReference; fileEncoding = 4; lastKnownFileType = sourcecode.swift; path = GridLayout.swift; sourceTree = "<group>"; };
		CE5E264224A2FDF400A08159 /* Array+Identifiable.swift */ = {isa = PBXFileReference; lastKnownFileType = sourcecode.swift; path = "Array+Identifiable.swift"; sourceTree = "<group>"; };
		CE5E264E24A33B6C00A08159 /* Array+Only.swift */ = {isa = PBXFileReference; lastKnownFileType = sourcecode.swift; path = "Array+Only.swift"; sourceTree = "<group>"; };
		CED6E4C024A1CA12001854F5 /* Memorize.app */ = {isa = PBXFileReference; explicitFileType = wrapper.application; includeInIndex = 0; path = Memorize.app; sourceTree = BUILT_PRODUCTS_DIR; };
		CED6E4C324A1CA12001854F5 /* AppDelegate.swift */ = {isa = PBXFileReference; lastKnownFileType = sourcecode.swift; path = AppDelegate.swift; sourceTree = "<group>"; };
		CED6E4C524A1CA12001854F5 /* SceneDelegate.swift */ = {isa = PBXFileReference; lastKnownFileType = sourcecode.swift; path = SceneDelegate.swift; sourceTree = "<group>"; };
		CED6E4C724A1CA12001854F5 /* EmojiMemoryGameView.swift */ = {isa = PBXFileReference; lastKnownFileType = sourcecode.swift; path = EmojiMemoryGameView.swift; sourceTree = "<group>"; };
		CED6E4C924A1CA13001854F5 /* Assets.xcassets */ = {isa = PBXFileReference; lastKnownFileType = folder.assetcatalog; path = Assets.xcassets; sourceTree = "<group>"; };
		CED6E4CC24A1CA13001854F5 /* Preview Assets.xcassets */ = {isa = PBXFileReference; lastKnownFileType = folder.assetcatalog; path = "Preview Assets.xcassets"; sourceTree = "<group>"; };
		CED6E4CF24A1CA13001854F5 /* Base */ = {isa = PBXFileReference; lastKnownFileType = file.storyboard; name = Base; path = Base.lproj/LaunchScreen.storyboard; sourceTree = "<group>"; };
		CED6E4D124A1CA13001854F5 /* Info.plist */ = {isa = PBXFileReference; lastKnownFileType = text.plist.xml; path = Info.plist; sourceTree = "<group>"; };
		CED6E4D624A1CA13001854F5 /* MemorizeTests.xctest */ = {isa = PBXFileReference; explicitFileType = wrapper.cfbundle; includeInIndex = 0; path = MemorizeTests.xctest; sourceTree = BUILT_PRODUCTS_DIR; };
		CED6E4DA24A1CA13001854F5 /* MemorizeTests.swift */ = {isa = PBXFileReference; lastKnownFileType = sourcecode.swift; path = MemorizeTests.swift; sourceTree = "<group>"; };
		CED6E4DC24A1CA13001854F5 /* Info.plist */ = {isa = PBXFileReference; lastKnownFileType = text.plist.xml; path = Info.plist; sourceTree = "<group>"; };
		CED6E4E524A1CF13001854F5 /* MemoryGame.swift */ = {isa = PBXFileReference; lastKnownFileType = sourcecode.swift; path = MemoryGame.swift; sourceTree = "<group>"; };
		CED6E4E924A1CF53001854F5 /* EmojiMemoryGame.swift */ = {isa = PBXFileReference; lastKnownFileType = sourcecode.swift; path = EmojiMemoryGame.swift; sourceTree = "<group>"; };
/* End PBXFileReference section */

/* Begin PBXFrameworksBuildPhase section */
		CED6E4BD24A1CA12001854F5 /* Frameworks */ = {
			isa = PBXFrameworksBuildPhase;
			buildActionMask = 2147483647;
			files = (
			);
			runOnlyForDeploymentPostprocessing = 0;
		};
		CED6E4D324A1CA13001854F5 /* Frameworks */ = {
			isa = PBXFrameworksBuildPhase;
			buildActionMask = 2147483647;
			files = (
			);
			runOnlyForDeploymentPostprocessing = 0;
		};
/* End PBXFrameworksBuildPhase section */

/* Begin PBXGroup section */
		CED6E4B724A1CA12001854F5 = {
			isa = PBXGroup;
			children = (
				CED6E4C224A1CA12001854F5 /* Memorize */,
				CED6E4D924A1CA13001854F5 /* MemorizeTests */,
				CED6E4C124A1CA12001854F5 /* Products */,
			);
			sourceTree = "<group>";
		};
		CED6E4C124A1CA12001854F5 /* Products */ = {
			isa = PBXGroup;
			children = (
				CED6E4C024A1CA12001854F5 /* Memorize.app */,
				CED6E4D624A1CA13001854F5 /* MemorizeTests.xctest */,
			);
			name = Products;
			sourceTree = "<group>";
		};
		CED6E4C224A1CA12001854F5 /* Memorize */ = {
			isa = PBXGroup;
			children = (
				CED6E4C324A1CA12001854F5 /* AppDelegate.swift */,
				CED6E4C524A1CA12001854F5 /* SceneDelegate.swift */,
				CED6E4C924A1CA13001854F5 /* Assets.xcassets */,
				CED6E4CE24A1CA13001854F5 /* LaunchScreen.storyboard */,
				CED6E4D124A1CA13001854F5 /* Info.plist */,
				CED6E4CB24A1CA13001854F5 /* Preview Content */,
				CED6E4E524A1CF13001854F5 /* MemoryGame.swift */,
				CE5E264024A2F90900A08159 /* GridLayout.swift */,
				CED6E4E924A1CF53001854F5 /* EmojiMemoryGame.swift */,
				CED6E4C724A1CA12001854F5 /* EmojiMemoryGameView.swift */,
				CE5E263E24A2F41900A08159 /* Grid.swift */,
				CE5E264224A2FDF400A08159 /* Array+Identifiable.swift */,
				CE5E264E24A33B6C00A08159 /* Array+Only.swift */,
			);
			path = Memorize;
			sourceTree = "<group>";
		};
		CED6E4CB24A1CA13001854F5 /* Preview Content */ = {
			isa = PBXGroup;
			children = (
				CED6E4CC24A1CA13001854F5 /* Preview Assets.xcassets */,
			);
			path = "Preview Content";
			sourceTree = "<group>";
		};
		CED6E4D924A1CA13001854F5 /* MemorizeTests */ = {
			isa = PBXGroup;
			children = (
				CED6E4DA24A1CA13001854F5 /* MemorizeTests.swift */,
				CED6E4DC24A1CA13001854F5 /* Info.plist */,
			);
			path = MemorizeTests;
			sourceTree = "<group>";
		};
/* End PBXGroup section */

/* Begin PBXNativeTarget section */
		CED6E4BF24A1CA12001854F5 /* Memorize */ = {
			isa = PBXNativeTarget;
			buildConfigurationList = CED6E4DF24A1CA13001854F5 /* Build configuration list for PBXNativeTarget "Memorize" */;
			buildPhases = (
				CED6E4BC24A1CA12001854F5 /* Sources */,
				CED6E4BD24A1CA12001854F5 /* Frameworks */,
				CED6E4BE24A1CA12001854F5 /* Resources */,
			);
			buildRules = (
			);
			dependencies = (
			);
			name = Memorize;
			productName = Memorize;
			productReference = CED6E4C024A1CA12001854F5 /* Memorize.app */;
			productType = "com.apple.product-type.application";
		};
		CED6E4D524A1CA13001854F5 /* MemorizeTests */ = {
			isa = PBXNativeTarget;
			buildConfigurationList = CED6E4E224A1CA13001854F5 /* Build configuration list for PBXNativeTarget "MemorizeTests" */;
			buildPhases = (
				CED6E4D224A1CA13001854F5 /* Sources */,
				CED6E4D324A1CA13001854F5 /* Frameworks */,
				CED6E4D424A1CA13001854F5 /* Resources */,
			);
			buildRules = (
			);
			dependencies = (
				CED6E4D824A1CA13001854F5 /* PBXTargetDependency */,
			);
			name = MemorizeTests;
			productName = MemorizeTests;
			productReference = CED6E4D624A1CA13001854F5 /* MemorizeTests.xctest */;
			productType = "com.apple.product-type.bundle.unit-test";
		};
/* End PBXNativeTarget section */

/* Begin PBXProject section */
		CED6E4B824A1CA12001854F5 /* Project object */ = {
			isa = PBXProject;
			attributes = {
				LastSwiftUpdateCheck = 1140;
				LastUpgradeCheck = 1140;
				ORGANIZATIONNAME = Panpan;
				TargetAttributes = {
					CED6E4BF24A1CA12001854F5 = {
						CreatedOnToolsVersion = 11.4.1;
					};
					CED6E4D524A1CA13001854F5 = {
						CreatedOnToolsVersion = 11.4.1;
						TestTargetID = CED6E4BF24A1CA12001854F5;
					};
				};
			};
			buildConfigurationList = CED6E4BB24A1CA12001854F5 /* Build configuration list for PBXProject "Memorize" */;
			compatibilityVersion = "Xcode 9.3";
			developmentRegion = en;
			hasScannedForEncodings = 0;
			knownRegions = (
				en,
				Base,
			);
			mainGroup = CED6E4B724A1CA12001854F5;
			productRefGroup = CED6E4C124A1CA12001854F5 /* Products */;
			projectDirPath = "";
			projectRoot = "";
			targets = (
				CED6E4BF24A1CA12001854F5 /* Memorize */,
				CED6E4D524A1CA13001854F5 /* MemorizeTests */,
			);
		};
/* End PBXProject section */

/* Begin PBXResourcesBuildPhase section */
		CED6E4BE24A1CA12001854F5 /* Resources */ = {
			isa = PBXResourcesBuildPhase;
			buildActionMask = 2147483647;
			files = (
				CED6E4D024A1CA13001854F5 /* LaunchScreen.storyboard in Resources */,
				CED6E4CD24A1CA13001854F5 /* Preview Assets.xcassets in Resources */,
				CED6E4CA24A1CA13001854F5 /* Assets.xcassets in Resources */,
			);
			runOnlyForDeploymentPostprocessing = 0;
		};
		CED6E4D424A1CA13001854F5 /* Resources */ = {
			isa = PBXResourcesBuildPhase;
			buildActionMask = 2147483647;
			files = (
			);
			runOnlyForDeploymentPostprocessing = 0;
		};
/* End PBXResourcesBuildPhase section */

/* Begin PBXSourcesBuildPhase section */
		CED6E4BC24A1CA12001854F5 /* Sources */ = {
			isa = PBXSourcesBuildPhase;
			buildActionMask = 2147483647;
			files = (
				CED6E4C424A1CA12001854F5 /* AppDelegate.swift in Sources */,
				CED6E4C624A1CA12001854F5 /* SceneDelegate.swift in Sources */,
				CED6E4E624A1CF13001854F5 /* MemoryGame.swift in Sources */,
				CE5E264F24A33B6C00A08159 /* Array+Only.swift in Sources */,
				CED6E4C824A1CA12001854F5 /* EmojiMemoryGameView.swift in Sources */,
				CED6E4EA24A1CF53001854F5 /* EmojiMemoryGame.swift in Sources */,
				CE5E264324A2FDF400A08159 /* Array+Identifiable.swift in Sources */,
				CE5E264124A2F90900A08159 /* GridLayout.swift in Sources */,
				CE5E263F24A2F41900A08159 /* Grid.swift in Sources */,
			);
			runOnlyForDeploymentPostprocessing = 0;
		};
		CED6E4D224A1CA13001854F5 /* Sources */ = {
			isa = PBXSourcesBuildPhase;
			buildActionMask = 2147483647;
			files = (
				CED6E4DB24A1CA13001854F5 /* MemorizeTests.swift in Sources */,
			);
			runOnlyForDeploymentPostprocessing = 0;
		};
/* End PBXSourcesBuildPhase section */

/* Begin PBXTargetDependency section */
		CED6E4D824A1CA13001854F5 /* PBXTargetDependency */ = {
			isa = PBXTargetDependency;
			target = CED6E4BF24A1CA12001854F5 /* Memorize */;
			targetProxy = CED6E4D724A1CA13001854F5 /* PBXContainerItemProxy */;
		};
/* End PBXTargetDependency section */

/* Begin PBXVariantGroup section */
		CED6E4CE24A1CA13001854F5 /* LaunchScreen.storyboard */ = {
			isa = PBXVariantGroup;
			children = (
				CED6E4CF24A1CA13001854F5 /* Base */,
			);
			name = LaunchScreen.storyboard;
			sourceTree = "<group>";
		};
/* End PBXVariantGroup section */

/* Begin XCBuildConfiguration section */
		CED6E4DD24A1CA13001854F5 /* Debug */ = {
			isa = XCBuildConfiguration;
			buildSettings = {
				ALWAYS_SEARCH_USER_PATHS = NO;
				CLANG_ANALYZER_NONNULL = YES;
				CLANG_ANALYZER_NUMBER_OBJECT_CONVERSION = YES_AGGRESSIVE;
				CLANG_CXX_LANGUAGE_STANDARD = "gnu++14";
				CLANG_CXX_LIBRARY = "libc++";
				CLANG_ENABLE_MODULES = YES;
				CLANG_ENABLE_OBJC_ARC = YES;
				CLANG_ENABLE_OBJC_WEAK = YES;
				CLANG_WARN_BLOCK_CAPTURE_AUTORELEASING = YES;
				CLANG_WARN_BOOL_CONVERSION = YES;
				CLANG_WARN_COMMA = YES;
				CLANG_WARN_CONSTANT_CONVERSION = YES;
				CLANG_WARN_DEPRECATED_OBJC_IMPLEMENTATIONS = YES;
				CLANG_WARN_DIRECT_OBJC_ISA_USAGE = YES_ERROR;
				CLANG_WARN_DOCUMENTATION_COMMENTS = YES;
				CLANG_WARN_EMPTY_BODY = YES;
				CLANG_WARN_ENUM_CONVERSION = YES;
				CLANG_WARN_INFINITE_RECURSION = YES;
				CLANG_WARN_INT_CONVERSION = YES;
				CLANG_WARN_NON_LITERAL_NULL_CONVERSION = YES;
				CLANG_WARN_OBJC_IMPLICIT_RETAIN_SELF = YES;
				CLANG_WARN_OBJC_LITERAL_CONVERSION = YES;
				CLANG_WARN_OBJC_ROOT_CLASS = YES_ERROR;
				CLANG_WARN_RANGE_LOOP_ANALYSIS = YES;
				CLANG_WARN_STRICT_PROTOTYPES = YES;
				CLANG_WARN_SUSPICIOUS_MOVE = YES;
				CLANG_WARN_UNGUARDED_AVAILABILITY = YES_AGGRESSIVE;
				CLANG_WARN_UNREACHABLE_CODE = YES;
				CLANG_WARN__DUPLICATE_METHOD_MATCH = YES;
				COPY_PHASE_STRIP = NO;
				DEBUG_INFORMATION_FORMAT = dwarf;
				ENABLE_STRICT_OBJC_MSGSEND = YES;
				ENABLE_TESTABILITY = YES;
				GCC_C_LANGUAGE_STANDARD = gnu11;
				GCC_DYNAMIC_NO_PIC = NO;
				GCC_NO_COMMON_BLOCKS = YES;
				GCC_OPTIMIZATION_LEVEL = 0;
				GCC_PREPROCESSOR_DEFINITIONS = (
					"DEBUG=1",
					"$(inherited)",
				);
				GCC_WARN_64_TO_32_BIT_CONVERSION = YES;
				GCC_WARN_ABOUT_RETURN_TYPE = YES_ERROR;
				GCC_WARN_UNDECLARED_SELECTOR = YES;
				GCC_WARN_UNINITIALIZED_AUTOS = YES_AGGRESSIVE;
				GCC_WARN_UNUSED_FUNCTION = YES;
				GCC_WARN_UNUSED_VARIABLE = YES;
				IPHONEOS_DEPLOYMENT_TARGET = 13.4;
				MTL_ENABLE_DEBUG_INFO = INCLUDE_SOURCE;
				MTL_FAST_MATH = YES;
				ONLY_ACTIVE_ARCH = YES;
				SDKROOT = iphoneos;
				SWIFT_ACTIVE_COMPILATION_CONDITIONS = DEBUG;
				SWIFT_OPTIMIZATION_LEVEL = "-Onone";
			};
			name = Debug;
		};
		CED6E4DE24A1CA13001854F5 /* Release */ = {
			isa = XCBuildConfiguration;
			buildSettings = {
				ALWAYS_SEARCH_USER_PATHS = NO;
				CLANG_ANALYZER_NONNULL = YES;
				CLANG_ANALYZER_NUMBER_OBJECT_CONVERSION = YES_AGGRESSIVE;
				CLANG_CXX_LANGUAGE_STANDARD = "gnu++14";
				CLANG_CXX_LIBRARY = "libc++";
				CLANG_ENABLE_MODULES = YES;
				CLANG_ENABLE_OBJC_ARC = YES;
				CLANG_ENABLE_OBJC_WEAK = YES;
				CLANG_WARN_BLOCK_CAPTURE_AUTORELEASING = YES;
				CLANG_WARN_BOOL_CONVERSION = YES;
				CLANG_WARN_COMMA = YES;
				CLANG_WARN_CONSTANT_CONVERSION = YES;
				CLANG_WARN_DEPRECATED_OBJC_IMPLEMENTATIONS = YES;
				CLANG_WARN_DIRECT_OBJC_ISA_USAGE = YES_ERROR;
				CLANG_WARN_DOCUMENTATION_COMMENTS = YES;
				CLANG_WARN_EMPTY_BODY = YES;
				CLANG_WARN_ENUM_CONVERSION = YES;
				CLANG_WARN_INFINITE_RECURSION = YES;
				CLANG_WARN_INT_CONVERSION = YES;
				CLANG_WARN_NON_LITERAL_NULL_CONVERSION = YES;
				CLANG_WARN_OBJC_IMPLICIT_RETAIN_SELF = YES;
				CLANG_WARN_OBJC_LITERAL_CONVERSION = YES;
				CLANG_WARN_OBJC_ROOT_CLASS = YES_ERROR;
				CLANG_WARN_RANGE_LOOP_ANALYSIS = YES;
				CLANG_WARN_STRICT_PROTOTYPES = YES;
				CLANG_WARN_SUSPICIOUS_MOVE = YES;
				CLANG_WARN_UNGUARDED_AVAILABILITY = YES_AGGRESSIVE;
				CLANG_WARN_UNREACHABLE_CODE = YES;
				CLANG_WARN__DUPLICATE_METHOD_MATCH = YES;
				COPY_PHASE_STRIP = NO;
				DEBUG_INFORMATION_FORMAT = "dwarf-with-dsym";
				ENABLE_NS_ASSERTIONS = NO;
				ENABLE_STRICT_OBJC_MSGSEND = YES;
				GCC_C_LANGUAGE_STANDARD = gnu11;
				GCC_NO_COMMON_BLOCKS = YES;
				GCC_WARN_64_TO_32_BIT_CONVERSION = YES;
				GCC_WARN_ABOUT_RETURN_TYPE = YES_ERROR;
				GCC_WARN_UNDECLARED_SELECTOR = YES;
				GCC_WARN_UNINITIALIZED_AUTOS = YES_AGGRESSIVE;
				GCC_WARN_UNUSED_FUNCTION = YES;
				GCC_WARN_UNUSED_VARIABLE = YES;
				IPHONEOS_DEPLOYMENT_TARGET = 13.4;
				MTL_ENABLE_DEBUG_INFO = NO;
				MTL_FAST_MATH = YES;
				SDKROOT = iphoneos;
				SWIFT_COMPILATION_MODE = wholemodule;
				SWIFT_OPTIMIZATION_LEVEL = "-O";
				VALIDATE_PRODUCT = YES;
			};
			name = Release;
		};
		CED6E4E024A1CA13001854F5 /* Debug */ = {
			isa = XCBuildConfiguration;
			buildSettings = {
				ASSETCATALOG_COMPILER_APPICON_NAME = AppIcon;
				CODE_SIGN_STYLE = Automatic;
				DEVELOPMENT_ASSET_PATHS = "\"Memorize/Preview Content\"";
				DEVELOPMENT_TEAM = Q82NP2N56L;
				ENABLE_PREVIEWS = YES;
				INFOPLIST_FILE = Memorize/Info.plist;
				LD_RUNPATH_SEARCH_PATHS = (
					"$(inherited)",
					"@executable_path/Frameworks",
				);
				PRODUCT_BUNDLE_IDENTIFIER = com.panpan.Memorize;
				PRODUCT_NAME = "$(TARGET_NAME)";
				SWIFT_VERSION = 5.0;
				TARGETED_DEVICE_FAMILY = 1;
			};
			name = Debug;
		};
		CED6E4E124A1CA13001854F5 /* Release */ = {
			isa = XCBuildConfiguration;
			buildSettings = {
				ASSETCATALOG_COMPILER_APPICON_NAME = AppIcon;
				CODE_SIGN_STYLE = Automatic;
				DEVELOPMENT_ASSET_PATHS = "\"Memorize/Preview Content\"";
				DEVELOPMENT_TEAM = Q82NP2N56L;
				ENABLE_PREVIEWS = YES;
				INFOPLIST_FILE = Memorize/Info.plist;
				LD_RUNPATH_SEARCH_PATHS = (
					"$(inherited)",
					"@executable_path/Frameworks",
				);
				PRODUCT_BUNDLE_IDENTIFIER = com.panpan.Memorize;
				PRODUCT_NAME = "$(TARGET_NAME)";
				SWIFT_VERSION = 5.0;
				TARGETED_DEVICE_FAMILY = 1;
			};
			name = Release;
		};
		CED6E4E324A1CA13001854F5 /* Debug */ = {
			isa = XCBuildConfiguration;
			buildSettings = {
				ALWAYS_EMBED_SWIFT_STANDARD_LIBRARIES = YES;
				BUNDLE_LOADER = "$(TEST_HOST)";
				CODE_SIGN_STYLE = Automatic;
				DEVELOPMENT_TEAM = Q82NP2N56L;
				INFOPLIST_FILE = MemorizeTests/Info.plist;
				IPHONEOS_DEPLOYMENT_TARGET = 13.4;
				LD_RUNPATH_SEARCH_PATHS = (
					"$(inherited)",
					"@executable_path/Frameworks",
					"@loader_path/Frameworks",
				);
				PRODUCT_BUNDLE_IDENTIFIER = com.panpan.MemorizeTests;
				PRODUCT_NAME = "$(TARGET_NAME)";
				SWIFT_VERSION = 5.0;
				TARGETED_DEVICE_FAMILY = "1,2";
				TEST_HOST = "$(BUILT_PRODUCTS_DIR)/Memorize.app/Memorize";
			};
			name = Debug;
		};
		CED6E4E424A1CA13001854F5 /* Release */ = {
			isa = XCBuildConfiguration;
			buildSettings = {
				ALWAYS_EMBED_SWIFT_STANDARD_LIBRARIES = YES;
				BUNDLE_LOADER = "$(TEST_HOST)";
				CODE_SIGN_STYLE = Automatic;
				DEVELOPMENT_TEAM = Q82NP2N56L;
				INFOPLIST_FILE = MemorizeTests/Info.plist;
				IPHONEOS_DEPLOYMENT_TARGET = 13.4;
				LD_RUNPATH_SEARCH_PATHS = (
					"$(inherited)",
					"@executable_path/Frameworks",
					"@loader_path/Frameworks",
				);
				PRODUCT_BUNDLE_IDENTIFIER = com.panpan.MemorizeTests;
				PRODUCT_NAME = "$(TARGET_NAME)";
				SWIFT_VERSION = 5.0;
				TARGETED_DEVICE_FAMILY = "1,2";
				TEST_HOST = "$(BUILT_PRODUCTS_DIR)/Memorize.app/Memorize";
			};
			name = Release;
		};
/* End XCBuildConfiguration section */

/* Begin XCConfigurationList section */
		CED6E4BB24A1CA12001854F5 /* Build configuration list for PBXProject "Memorize" */ = {
			isa = XCConfigurationList;
			buildConfigurations = (
				CED6E4DD24A1CA13001854F5 /* Debug */,
				CED6E4DE24A1CA13001854F5 /* Release */,
			);
			defaultConfigurationIsVisible = 0;
			defaultConfigurationName = Release;
		};
		CED6E4DF24A1CA13001854F5 /* Build configuration list for PBXNativeTarget "Memorize" */ = {
			isa = XCConfigurationList;
			buildConfigurations = (
				CED6E4E024A1CA13001854F5 /* Debug */,
				CED6E4E124A1CA13001854F5 /* Release */,
			);
			defaultConfigurationIsVisible = 0;
			defaultConfigurationName = Release;
		};
		CED6E4E224A1CA13001854F5 /* Build configuration list for PBXNativeTarget "MemorizeTests" */ = {
			isa = XCConfigurationList;
			buildConfigurations = (
				CED6E4E324A1CA13001854F5 /* Debug */,
				CED6E4E424A1CA13001854F5 /* Release */,
			);
			defaultConfigurationIsVisible = 0;
			defaultConfigurationName = Release;
		};
/* End XCConfigurationList section */
	};
	rootObject = CED6E4B824A1CA12001854F5 /* Project object */;
}
